
Microsoft Visual Studio Solution File, Format Version 12.00
# Visual Studio Version 16
VisualStudioVersion = 16.0.30309.148
MinimumVisualStudioVersion = 10.0.40219.1
Project("{FAE04EC0-301F-11D3-BF4B-00C04F79EFBC}") = "Bitcoin Clipper", "Bitcoin Clipper.csproj", "{6340D32B-7D1D-4730-B74F-7E0B3B1105A8}"
EndProject
Global
	GlobalSection(SolutionConfigurationPlatforms) = preSolution
		Debug|Any CPU = Debug|Any CPU
		Release|Any CPU = Release|Any CPU
	EndGlobalSection
	GlobalSection(ProjectConfigurationPlatforms) = postSolution
		{6340D32B-7D1D-4730-B74F-7E0B3B1105A8}.Debug|Any CPU.ActiveCfg = Debug|Any CPU
		{6340D32B-7D1D-4730-B74F-7E0B3B1105A8}.Debug|Any CPU.Build.0 = Debug|Any CPU
		{6340D32B-7D1D-4730-B74F-7E0B3B1105A8}.Release|Any CPU.ActiveCfg = Release|Any CPU
		{6340D32B-7D1D-4730-B74F-7E0B3B1105A8}.Release|Any CPU.Build.0 = Release|Any CPU
	EndGlobalSection
	GlobalSection(SolutionProperties) = preSolution
		HideSolutionNode = FALSE
	EndGlobalSection
	GlobalSection(ExtensibilityGlobals) = postSolution
		SolutionGuid = {70E9A30B-1244-4169-A262-B24A93D5CC8B}
	EndGlobalSection
EndGlobal
